
Microsoft Visual Studio Solution File, Format Version 12.00
# Visual Studio Version 17
VisualStudioVersion = 17.5.002.0
MinimumVisualStudioVersion = 10.0.40219.1
Project("{9A19103F-16F7-4668-BE54-9A1E7A4F7556}") = "exporter", "exporter\exporter.csproj", "{4A328EE2-9F5F-4E19-B50E-7FF9DC029FA2}"
EndProject
Project("{FAE04EC0-301F-11D3-BF4B-00C04F79EFBC}") = "indexer", "indexer\indexer.csproj", "{A2FBB7C9-28DA-4FC1-8D8B-D16271DF86D4}"
EndProject
Project("{FAE04EC0-301F-11D3-BF4B-00C04F79EFBC}") = "query", "query\query.csproj", "{D1F71A26-7D97-40F1-9D96-25457D201D7C}"
EndProject
Global
	GlobalSection(SolutionConfigurationPlatforms) = preSolution
		Debug|Any CPU = Debug|Any CPU
		Release|Any CPU = Release|Any CPU
	EndGlobalSection
	GlobalSection(ProjectConfigurationPlatforms) = postSolution
		{4A328EE2-9F5F-4E19-B50E-7FF9DC029FA2}.Debug|Any CPU.ActiveCfg = Debug|Any CPU
		{4A328EE2-9F5F-4E19-B50E-7FF9DC029FA2}.Debug|Any CPU.Build.0 = Debug|Any CPU
		{4A328EE2-9F5F-4E19-B50E-7FF9DC029FA2}.Release|Any CPU.ActiveCfg = Release|Any CPU
		{4A328EE2-9F5F-4E19-B50E-7FF9DC029FA2}.Release|Any CPU.Build.0 = Release|Any CPU
		{201CB3AA-D05F-4377-B99E-CC5CA4059D36}.Debug|Any CPU.ActiveCfg = Debug|Any CPU
		{201CB3AA-D05F-4377-B99E-CC5CA4059D36}.Debug|Any CPU.Build.0 = Debug|Any CPU
		{201CB3AA-D05F-4377-B99E-CC5CA4059D36}.Release|Any CPU.ActiveCfg = Release|Any CPU
		{201CB3AA-D05F-4377-B99E-CC5CA4059D36}.Release|Any CPU.Build.0 = Release|Any CPU
		{A2FBB7C9-28DA-4FC1-8D8B-D16271DF86D4}.Debug|Any CPU.ActiveCfg = Debug|Any CPU
		{A2FBB7C9-28DA-4FC1-8D8B-D16271DF86D4}.Debug|Any CPU.Build.0 = Debug|Any CPU
		{A2FBB7C9-28DA-4FC1-8D8B-D16271DF86D4}.Release|Any CPU.ActiveCfg = Release|Any CPU
		{A2FBB7C9-28DA-4FC1-8D8B-D16271DF86D4}.Release|Any CPU.Build.0 = Release|Any CPU
		{D1F71A26-7D97-40F1-9D96-25457D201D7C}.Debug|Any CPU.ActiveCfg = Debug|Any CPU
		{D1F71A26-7D97-40F1-9D96-25457D201D7C}.Debug|Any CPU.Build.0 = Debug|Any CPU
		{D1F71A26-7D97-40F1-9D96-25457D201D7C}.Release|Any CPU.ActiveCfg = Release|Any CPU
		{D1F71A26-7D97-40F1-9D96-25457D201D7C}.Release|Any CPU.Build.0 = Release|Any CPU
	EndGlobalSection
	GlobalSection(SolutionProperties) = preSolution
		HideSolutionNode = FALSE
	EndGlobalSection
	GlobalSection(ExtensibilityGlobals) = postSolution
		SolutionGuid = {3970E8F2-2FAB-4562-96E5-6696D1649B3A}
	EndGlobalSection
EndGlobal
